# Generated by pub
# See https://dart.dev/tools/pub/glossary#lockfile
packages:
  accessing_security_scoped_resource:
    dependency: transitive
    description:
      name: accessing_security_scoped_resource
      sha256: afb84f50ecca60dda51b93a4d92e9e22776d897b29f280374448ae8877160e75
      url: "https://pub.dev"
    source: hosted
    version: "3.4.0"
  app_links:
    dependency: "direct main"
    description:
      name: app_links
      sha256: f8db46d2ea9ff6f3a37191a7fd5b7813da1253ace8c32c1b9eadace41d1188ea
      url: "https://pub.dev"
    source: hosted
    version: "7.2.1"
  app_links_linux:
    dependency: transitive
    description:
      name: app_links_linux
      sha256: f5f7173a78609f3dfd4c2ff2c95bd559ab43c80a87dc6a095921d96c05688c81
      url: "https://pub.dev"
    source: hosted
    version: "1.0.3"
  app_links_platform_interface:
    dependency: transitive
    description:
      name: app_links_platform_interface
      sha256: "7546f09a6e93f4a2df2fe2bd40a5c6c64310ac461b036d82b43033be7a59f809"
      url: "https://pub.dev"
    source: hosted
    version: "2.0.4"
  app_links_web:
    dependency: transitive
    description:
      name: app_links_web
      sha256: af060ed76183f9e2b87510a9480e56a5352b6c249778d07bd2c95fc35632a555
      url: "https://pub.dev"
    source: hosted
    version: "1.0.4"
  archive:
    dependency: transitive
    description:
      name: archive
      sha256: a96e8b390886ee8abb49b7bd3ac8df6f451c621619f52a26e815fdcf568959ff
      url: "https://pub.dev"
    source: hosted
    version: "4.0.9"
  args:
    dependency: transitive
    description:
      name: args
      sha256: d0481093c50b1da8910eb0bb301626d4d8eb7284aa739614d2b394ee09e3ea04
      url: "https://pub.dev"
    source: hosted
    version: "2.7.0"
  async:
    dependency: transitive
    description:
      name: async
      sha256: "758e6d74e971c3e5aceb4110bfd6698efc7f501675bcfe0c775459a8140750eb"
      url: "https://pub.dev"
    source: hosted
    version: "2.13.0"
  boolean_selector:
    dependency: transitive
    description:
      name: boolean_selector
      sha256: "8aab1771e1243a5063b8b0ff68042d67334e3feab9e95b9490f9a6ebf73b42ea"
      url: "https://pub.dev"
    source: hosted
    version: "2.1.2"
  characters:
    dependency: transitive
    description:
      name: characters
      sha256: faf38497bda5ead2a8c7615f4f7939df04333478bf32e4173fcb06d428b5716b
      url: "https://pub.dev"
    source: hosted
    version: "1.4.1"
  checked_yaml:
    dependency: transitive
    description:
      name: checked_yaml
      sha256: "959525d3162f249993882720d52b7e0c833978df229be20702b33d48d91de70f"
      url: "https://pub.dev"
    source: hosted
    version: "2.0.4"
  cli_util:
    dependency: transitive
    description:
      name: cli_util
      sha256: ff6785f7e9e3c38ac98b2fb035701789de90154024a75b6cb926445e83197d1c
      url: "https://pub.dev"
    source: hosted
    version: "0.4.2"
  clock:
    dependency: transitive
    description:
      name: clock
      sha256: fddb70d9b5277016c77a80201021d40a2247104d9f4aa7bab7157b7e3f05b84b
      url: "https://pub.dev"
    source: hosted
    version: "1.1.2"
  collection:
    dependency: "direct main"
    description:
      name: collection
      sha256: "2f5709ae4d3d59dd8f7cd309b4e023046b57d8a6c82130785d2b0e5868084e76"
      url: "https://pub.dev"
    source: hosted
    version: "1.19.1"
  connectivity_plus:
    dependency: transitive
    description:
      name: connectivity_plus
      sha256: "762c99f890ca8bf87f7337236f99edd42793843bc6c3631da294a76653a54bd0"
      url: "https://pub.dev"
    source: hosted
    version: "7.3.1"
  connectivity_plus_platform_interface:
    dependency: transitive
    description:
      name: connectivity_plus_platform_interface
      sha256: "3c09627c536d22fd24691a905cdd8b14520de69da52c7a97499c8be5284a32ed"
      url: "https://pub.dev"
    source: hosted
    version: "2.1.0"
  convert:
    dependency: transitive
    description:
      name: convert
      sha256: b30acd5944035672bc15c6b7a8b47d773e41e2f17de064350988c5d02adb1c68
      url: "https://pub.dev"
    source: hosted
    version: "3.1.2"
  cross_file:
    dependency: transitive
    description:
      name: cross_file
      sha256: "701dcfc06da0882883a2657c445103380e53e647060ad8d9dfb710c100996608"
      url: "https://pub.dev"
    source: hosted
    version: "0.3.5+1"
  crypto:
    dependency: transitive
    description:
      name: crypto
      sha256: c8ea0233063ba03258fbcf2ca4d6dadfefe14f02fab57702265467a19f27fadf
      url: "https://pub.dev"
    source: hosted
    version: "3.0.7"
  dart_jsonwebtoken:
    dependency: transitive
    description:
      name: dart_jsonwebtoken
      sha256: ad84e60181696513d04d5f2078e0bbc20365b911f46f647797317414bdc88fbe
      url: "https://pub.dev"
    source: hosted
    version: "3.4.1"
  dart_webrtc:
    dependency: transitive
    description:
      name: dart_webrtc
      sha256: f6d615bddea5e458ce180a914f3055c234ffb52fb7397a51b3491e76d6d7edb2
      url: "https://pub.dev"
    source: hosted
    version: "1.8.1"
  dbus:
    dependency: transitive
    description:
      name: dbus
      sha256: "792974a4007974fbc5c1b5433eb2330a9db3e368c3f906253af4c007d0f49a91"
      url: "https://pub.dev"
    source: hosted
    version: "0.7.13"
  device_info_plus:
    dependency: transitive
    description:
      name: device_info_plus
      sha256: b4fed1b2835da9d670d7bed7db79ae2a94b0f5ad6312268158a9b5479abbacdd
      url: "https://pub.dev"
    source: hosted
    version: "12.4.0"
  device_info_plus_platform_interface:
    dependency: transitive
    description:
      name: device_info_plus_platform_interface
      sha256: e1ea89119e34903dca74b883d0dd78eb762814f97fb6c76f35e9ff74d261a18f
      url: "https://pub.dev"
    source: hosted
    version: "7.0.3"
  fake_async:
    dependency: transitive
    description:
      name: fake_async
      sha256: "5368f224a74523e8d2e7399ea1638b37aecfca824a3cc4dfdf77bf1fa905ac44"
      url: "https://pub.dev"
    source: hosted
    version: "1.3.3"
  fast_file_picker:
    dependency: "direct main"
    description:
      name: fast_file_picker
      sha256: "081ee4c85b25efb4b2a3bb803cb8d669a42127c5afa590f477cca3ab2b44c233"
      url: "https://pub.dev"
    source: hosted
    version: "0.4.8"
  ffi:
    dependency: transitive
    description:
      name: ffi
      sha256: "289279317b4b16eb2bb7e271abccd4bf84ec9bdcbe999e278a94b804f5630418"
      url: "https://pub.dev"
    source: hosted
    version: "2.1.4"
  file:
    dependency: transitive
    description:
      name: file
      sha256: a3b4f84adafef897088c160faf7dfffb7696046cb13ae90b508c2cbc95d3b8d4
      url: "https://pub.dev"
    source: hosted
    version: "7.0.1"
  file_selector:
    dependency: "direct main"
    description:
      name: file_selector
      sha256: bd15e43e9268db636b53eeaca9f56324d1622af30e5c34d6e267649758c84d9a
      url: "https://pub.dev"
    source: hosted
    version: "1.1.0"
  file_selector_android:
    dependency: transitive
    description:
      name: file_selector_android
      sha256: "51e8fd0446de75e4b62c065b76db2210c704562d072339d333bd89c57a7f8a7c"
      url: "https://pub.dev"
    source: hosted
    version: "0.5.2+4"
  file_selector_ios:
    dependency: transitive
    description:
      name: file_selector_ios
      sha256: e2ecf2885c121691ce13b60db3508f53c01f869fb6e8dc5c1cfa771e4c46aeca
      url: "https://pub.dev"
    source: hosted
    version: "0.5.3+5"
  file_selector_linux:
    dependency: transitive
    description:
      name: file_selector_linux
      sha256: "2567f398e06ac72dcf2e98a0c95df2a9edd03c2c2e0cacd4780f20cdf56263a0"
      url: "https://pub.dev"
    source: hosted
    version: "0.9.4"
  file_selector_macos:
    dependency: transitive
    description:
      name: file_selector_macos
      sha256: "5e0bbe9c312416f1787a68259ea1505b52f258c587f12920422671807c4d618a"
      url: "https://pub.dev"
    source: hosted
    version: "0.9.5"
  file_selector_platform_interface:
    dependency: transitive
    description:
      name: file_selector_platform_interface
      sha256: "35e0bd61ebcdb91a3505813b055b09b79dfdc7d0aee9c09a7ba59ae4bb13dc85"
      url: "https://pub.dev"
    source: hosted
    version: "2.7.0"
  file_selector_web:
    dependency: transitive
    description:
      name: file_selector_web
      sha256: c4c0ea4224d97a60a7067eca0c8fd419e708ff830e0c83b11a48faf566cec3e7
      url: "https://pub.dev"
    source: hosted
    version: "0.9.4+2"
  file_selector_windows:
    dependency: transitive
    description:
      name: file_selector_windows
      sha256: "62197474ae75893a62df75939c777763d39c2bc5f73ce5b88497208bc269abfd"
      url: "https://pub.dev"
    source: hosted
    version: "0.9.3+5"
  fixnum:
    dependency: transitive
    description:
      name: fixnum
      sha256: b6dc7065e46c974bc7c5f143080a6764ec7a4be6da1285ececdc37be96de53be
      url: "https://pub.dev"
    source: hosted
    version: "1.1.1"
  flutter:
    dependency: "direct main"
    description: flutter
    source: sdk
    version: "0.0.0"
  flutter_dotenv:
    dependency: "direct main"
    description:
      name: flutter_dotenv
      sha256: d4130c4a43e0b13fefc593bc3961f2cb46e30cb79e253d4a526b1b5d24ae1ce4
      url: "https://pub.dev"
    source: hosted
    version: "6.0.0"
  flutter_inappwebview:
    dependency: "direct main"
    description:
      name: flutter_inappwebview
      sha256: "80092d13d3e29b6227e25b67973c67c7210bd5e35c4b747ca908e31eb71a46d5"
      url: "https://pub.dev"
    source: hosted
    version: "6.1.5"
  flutter_inappwebview_android:
    dependency: transitive
    description:
      name: flutter_inappwebview_android
      sha256: "62557c15a5c2db5d195cb3892aab74fcaec266d7b86d59a6f0027abd672cddba"
      url: "https://pub.dev"
    source: hosted
    version: "1.1.3"
  flutter_inappwebview_internal_annotations:
    dependency: transitive
    description:
      name: flutter_inappwebview_internal_annotations
      sha256: "787171d43f8af67864740b6f04166c13190aa74a1468a1f1f1e9ee5b90c359cd"
      url: "https://pub.dev"
    source: hosted
    version: "1.2.0"
  flutter_inappwebview_ios:
    dependency: transitive
    description:
      name: flutter_inappwebview_ios
      sha256: "5818cf9b26cf0cbb0f62ff50772217d41ea8d3d9cc00279c45f8aabaa1b4025d"
      url: "https://pub.dev"
    source: hosted
    version: "1.1.2"
  flutter_inappwebview_macos:
    dependency: transitive
    description:
      name: flutter_inappwebview_macos
      sha256: c1fbb86af1a3738e3541364d7d1866315ffb0468a1a77e34198c9be571287da1
      url: "https://pub.dev"
    source: hosted
    version: "1.1.2"
  flutter_inappwebview_platform_interface:
    dependency: transitive
    description:
      name: flutter_inappwebview_platform_interface
      sha256: cf5323e194096b6ede7a1ca808c3e0a078e4b33cc3f6338977d75b4024ba2500
      url: "https://pub.dev"
    source: hosted
    version: "1.3.0+1"
  flutter_inappwebview_web:
    dependency: transitive
    description:
      name: flutter_inappwebview_web
      sha256: "55f89c83b0a0d3b7893306b3bb545ba4770a4df018204917148ebb42dc14a598"
      url: "https://pub.dev"
    source: hosted
    version: "1.1.2"
  flutter_inappwebview_windows:
    dependency: transitive
    description:
      name: flutter_inappwebview_windows
      sha256: "8b4d3a46078a2cdc636c4a3d10d10f2a16882f6be607962dbfff8874d1642055"
      url: "https://pub.dev"
    source: hosted
    version: "0.6.0"
  flutter_launcher_icons:
    dependency: "direct dev"
    description:
      name: flutter_launcher_icons
      sha256: "10f13781741a2e3972126fae08393d3c4e01fa4cd7473326b94b72cf594195e7"
      url: "https://pub.dev"
    source: hosted
    version: "0.14.4"
  flutter_lints:
    dependency: "direct dev"
    description:
      name: flutter_lints
      sha256: "3105dc8492f6183fb076ccf1f351ac3d60564bff92e20bfc4af9cc1651f4e7e1"
      url: "https://pub.dev"
    source: hosted
    version: "6.0.0"
  flutter_test:
    dependency: "direct dev"
    description: flutter
    source: sdk
    version: "0.0.0"
  flutter_web_plugins:
    dependency: transitive
    description: flutter
    source: sdk
    version: "0.0.0"
  flutter_webrtc:
    dependency: transitive
    description:
      name: flutter_webrtc
      sha256: "8b220dc006c4891266735e516f7679bd08b7caaf7c36b1a93fb9357cec555f92"
      url: "https://pub.dev"
    source: hosted
    version: "1.4.0"
  functions_client:
    dependency: transitive
    description:
      name: functions_client
      sha256: e9685e9ab852a8b8e0579c867f6c9155da27317b294b3df796a536b8b8e0d253
      url: "https://pub.dev"
    source: hosted
    version: "2.6.4"
  go_router:
    dependency: "direct main"
    description:
      name: go_router
      sha256: "5922b2861e2235a3504896f0d6fa07d84141b480cf52eecd2f42cd25585a9e8a"
      url: "https://pub.dev"
    source: hosted
    version: "17.3.0"
  gotrue:
    dependency: transitive
    description:
      name: gotrue
      sha256: "360bba9606e58d5acc59a033ab64ae3cf571a6868f7a7267cb8e9a204b7bf1b2"
      url: "https://pub.dev"
    source: hosted
    version: "2.26.0"
  gtk:
    dependency: transitive
    description:
      name: gtk
      sha256: e8ce9ca4b1df106e4d72dad201d345ea1a036cc12c360f1a7d5a758f78ffa42c
      url: "https://pub.dev"
    source: hosted
    version: "2.1.0"
  http:
    dependency: transitive
    description:
      name: http
      sha256: "87721a4a50b19c7f1d49001e51409bddc46303966ce89a65af4f4e6004896412"
      url: "https://pub.dev"
    source: hosted
    version: "1.6.0"
  http_parser:
    dependency: transitive
    description:
      name: http_parser
      sha256: "178d74305e7866013777bab2c3d8726205dc5a4dd935297175b19a23a2e66571"
      url: "https://pub.dev"
    source: hosted
    version: "4.1.2"
  image:
    dependency: "direct main"
    description:
      name: image
      sha256: "6300175e00616bbc832e2fc91bfa4d776af5402c81c7151bee6905bb08473c52"
      url: "https://pub.dev"
    source: hosted
    version: "4.9.1"
  inno_bundle:
    dependency: "direct dev"
    description:
      name: inno_bundle
      sha256: f5e7dd8aa5d55a101695928a02dcaddbaccc2394c5a53fd727cc905e00987558
      url: "https://pub.dev"
    source: hosted
    version: "0.11.2"
  ios_document_picker:
    dependency: transitive
    description:
      name: ios_document_picker
      sha256: d7cbc61366602f6fd74a5bfeeecf68ad553ef91a6b1bb6d406dd7808d694d5c4
      url: "https://pub.dev"
    source: hosted
    version: "0.4.0"
  jni:
    dependency: transitive
    description:
      name: jni
      sha256: d2c361082d554d4593c3012e26f6b188f902acd291330f13d6427641a92b3da1
      url: "https://pub.dev"
    source: hosted
    version: "0.14.2"
  js:
    dependency: transitive
    description:
      name: js
      sha256: "53385261521cc4a0c4658fd0ad07a7d14591cf8fc33abbceae306ddb974888dc"
      url: "https://pub.dev"
    source: hosted
    version: "0.7.2"
  json_annotation:
    dependency: transitive
    description:
      name: json_annotation
      sha256: "2a743920d81b7910627f68ee2c9ac1fc0bfee32b9fc3403587d7c6791ca12f80"
      url: "https://pub.dev"
    source: hosted
    version: "4.12.0"
  jwt_decode:
    dependency: transitive
    description:
      name: jwt_decode
      sha256: d2e9f68c052b2225130977429d30f187aa1981d789c76ad104a32243cfdebfbb
      url: "https://pub.dev"
    source: hosted
    version: "0.3.1"
  leak_tracker:
    dependency: transitive
    description:
      name: leak_tracker
      sha256: "33e2e26bdd85a0112ec15400c8cbffea70d0f9c3407491f672a2fad47915e2de"
      url: "https://pub.dev"
    source: hosted
    version: "11.0.2"
  leak_tracker_flutter_testing:
    dependency: transitive
    description:
      name: leak_tracker_flutter_testing
      sha256: "1dbc140bb5a23c75ea9c4811222756104fbcd1a27173f0c34ca01e16bea473c1"
      url: "https://pub.dev"
    source: hosted
    version: "3.0.10"
  leak_tracker_testing:
    dependency: transitive
    description:
      name: leak_tracker_testing
      sha256: "8d5a2d49f4a66b49744b23b018848400d23e54caf9463f4eb20df3eb8acb2eb1"
      url: "https://pub.dev"
    source: hosted
    version: "3.0.2"
  lints:
    dependency: transitive
    description:
      name: lints
      sha256: a5e2b223cb7c9c8efdc663ef484fdd95bb243bff242ef5b13e26883547fce9a0
      url: "https://pub.dev"
    source: hosted
    version: "6.0.0"
  livekit_client:
    dependency: "direct main"
    description:
      name: livekit_client
      sha256: bd68a1e273b286f03be14636c12fbbb5cc0fc6dee64ec6d4756c55a4f408fc23
      url: "https://pub.dev"
    source: hosted
    version: "2.8.1"
  logger:
    dependency: transitive
    description:
      name: logger
      sha256: "25aee487596a6257655a1e091ec2ae66bc30e7af663592cc3a27e6591e05035c"
      url: "https://pub.dev"
    source: hosted
    version: "2.7.0"
  logging:
    dependency: transitive
    description:
      name: logging
      sha256: c8245ada5f1717ed44271ed1c26b8ce85ca3228fd2ffdb75468ab01979309d61
      url: "https://pub.dev"
    source: hosted
    version: "1.3.0"
  macos_file_picker:
    dependency: transitive
    description:
      name: macos_file_picker
      sha256: "04c60122609e619ddb440da5c744a36f88a719f157e47a69d06e4be4ca6d1966"
      url: "https://pub.dev"
    source: hosted
    version: "0.7.2"
  matcher:
    dependency: transitive
    description:
      name: matcher
      sha256: dc0b7dc7651697ea4ff3e69ef44b0407ea32c487a39fff6a4004fa585e901861
      url: "https://pub.dev"
    source: hosted
    version: "0.12.19"
  material_color_utilities:
    dependency: transitive
    description:
      name: material_color_utilities
      sha256: "9c337007e82b1889149c82ed242ed1cb24a66044e30979c44912381e9be4c48b"
      url: "https://pub.dev"
    source: hosted
    version: "0.13.0"
  material_symbols_icons:
    dependency: "direct main"
    description:
      name: material_symbols_icons
      sha256: bd513edc2bc9b034108d5518c48cf5cebbb67d0653728cc452368cb27ca80bb0
      url: "https://pub.dev"
    source: hosted
    version: "4.2960.0"
  media_kit:
    dependency: "direct main"
    description:
      name: media_kit
      sha256: ae9e79597500c7ad6083a3c7b7b7544ddabfceacce7ae5c9709b0ec16a5d6643
      url: "https://pub.dev"
    source: hosted
    version: "1.2.6"
  media_kit_libs_android_video:
    dependency: transitive
    description:
      name: media_kit_libs_android_video
      sha256: "3f6274e5ab2de512c286a25c327288601ee445ed8ac319e0ef0b66148bd8f76c"
      url: "https://pub.dev"
    source: hosted
    version: "1.3.8"
  media_kit_libs_ios_video:
    dependency: transitive
    description:
      name: media_kit_libs_ios_video
      sha256: b5382994eb37a4564c368386c154ad70ba0cc78dacdd3fb0cd9f30db6d837991
      url: "https://pub.dev"
    source: hosted
    version: "1.1.4"
  media_kit_libs_linux:
    dependency: transitive
    description:
      name: media_kit_libs_linux
      sha256: "2b473399a49ec94452c4d4ae51cfc0f6585074398d74216092bf3d54aac37ecf"
      url: "https://pub.dev"
    source: hosted
    version: "1.2.1"
  media_kit_libs_macos_video:
    dependency: transitive
    description:
      name: media_kit_libs_macos_video
      sha256: f26aa1452b665df288e360393758f84b911f70ffb3878032e1aabba23aa1032d
      url: "https://pub.dev"
    source: hosted
    version: "1.1.4"
  media_kit_libs_video:
    dependency: "direct main"
    description:
      name: media_kit_libs_video
      sha256: "2b235b5dac79c6020e01eef5022c6cc85fedc0df1738aadc6ea489daa12a92a9"
      url: "https://pub.dev"
    source: hosted
    version: "1.0.7"
  media_kit_libs_windows_video:
    dependency: transitive
    description:
      name: media_kit_libs_windows_video
      sha256: dff76da2778729ab650229e6b4ec6ec111eb5151431002cbd7ea304ff1f112ab
      url: "https://pub.dev"
    source: hosted
    version: "1.0.11"
  media_kit_video:
    dependency: "direct main"
    description:
      name: media_kit_video
      sha256: afaa509e7b7e0bf247557a3a740cde903a52c34ace9810f94500e127bd7b043d
      url: "https://pub.dev"
    source: hosted
    version: "2.0.1"
  meta:
    dependency: transitive
    description:
      name: meta
      sha256: "1741988757a65eb6b36abe716829688cf01910bbf91c34354ff7ec1c3de2b349"
      url: "https://pub.dev"
    source: hosted
    version: "1.18.0"
  mime:
    dependency: transitive
    description:
      name: mime
      sha256: "41a20518f0cb1256669420fdba0cd90d21561e560ac240f26ef8322e45bb7ed6"
      url: "https://pub.dev"
    source: hosted
    version: "2.0.0"
  mime_type:
    dependency: transitive
    description:
      name: mime_type
      sha256: d652b613e84dac1af28030a9fba82c0999be05b98163f9e18a0849c6e63838bb
      url: "https://pub.dev"
    source: hosted
    version: "1.0.1"
  nm:
    dependency: transitive
    description:
      name: nm
      sha256: "2c9aae4127bdc8993206464fcc063611e0e36e72018696cd9631023a31b24254"
      url: "https://pub.dev"
    source: hosted
    version: "0.5.0"
  package_config:
    dependency: transitive
    description:
      name: package_config
      sha256: f096c55ebb7deb7e384101542bfba8c52696c1b56fca2eb62827989ef2353bbc
      url: "https://pub.dev"
    source: hosted
    version: "2.2.0"
  package_info_plus:
    dependency: transitive
    description:
      name: package_info_plus
      sha256: f69da0d3189a4b4ceaeb1a3defb0f329b3b352517f52bed4290f83d4f06bc08d
      url: "https://pub.dev"
    source: hosted
    version: "9.0.0"
  package_info_plus_platform_interface:
    dependency: transitive
    description:
      name: package_info_plus_platform_interface
      sha256: "202a487f08836a592a6bd4f901ac69b3a8f146af552bbd14407b6b41e1c3f086"
      url: "https://pub.dev"
    source: hosted
    version: "3.2.1"
  passkeys_platform_interface:
    dependency: transitive
    description:
      name: passkeys_platform_interface
      sha256: e810520c7b79dca629fdc266958564eedd77dc85a955f5e94430dfccb92eef68
      url: "https://pub.dev"
    source: hosted
    version: "2.9.0"
  path:
    dependency: transitive
    description:
      name: path
      sha256: "75cca69d1490965be98c73ceaea117e8a04dd21217b37b292c9ddbec0d955bc5"
      url: "https://pub.dev"
    source: hosted
    version: "1.9.1"
  path_provider:
    dependency: transitive
    description:
      name: path_provider
      sha256: "50c5dd5b6e1aaf6fb3a78b33f6aa3afca52bf903a8a5298f53101fdaee55bbcd"
      url: "https://pub.dev"
    source: hosted
    version: "2.1.5"
  path_provider_android:
    dependency: transitive
    description:
      name: path_provider_android
      sha256: f2c65e21139ce2c3dad46922be8272bb5963516045659e71bb16e151c93b580e
      url: "https://pub.dev"
    source: hosted
    version: "2.2.22"
  path_provider_foundation:
    dependency: transitive
    description:
      name: path_provider_foundation
      sha256: "6d13aece7b3f5c5a9731eaf553ff9dcbc2eff41087fd2df587fd0fed9a3eb0c4"
      url: "https://pub.dev"
    source: hosted
    version: "2.5.1"
  path_provider_linux:
    dependency: transitive
    description:
      name: path_provider_linux
      sha256: f7a1fe3a634fe7734c8d3f2766ad746ae2a2884abe22e241a8b301bf5cac3279
      url: "https://pub.dev"
    source: hosted
    version: "2.2.1"
  path_provider_platform_interface:
    dependency: transitive
    description:
      name: path_provider_platform_interface
      sha256: "88f5779f72ba699763fa3a3b06aa4bf6de76c8e5de842cf6f29e2e06476c2334"
      url: "https://pub.dev"
    source: hosted
    version: "2.1.2"
  path_provider_windows:
    dependency: transitive
    description:
      name: path_provider_windows
      sha256: bd6f00dbd873bfb70d0761682da2b3a2c2fccc2b9e84c495821639601d81afe7
      url: "https://pub.dev"
    source: hosted
    version: "2.3.0"
  petitparser:
    dependency: transitive
    description:
      name: petitparser
      sha256: "91bd59303e9f769f108f8df05e371341b15d59e995e6806aefab827b58336675"
      url: "https://pub.dev"
    source: hosted
    version: "7.0.2"
  platform:
    dependency: transitive
    description:
      name: platform
      sha256: "5d6b1b0036a5f331ebc77c850ebc8506cbc1e9416c27e59b439f917a902a4984"
      url: "https://pub.dev"
    source: hosted
    version: "3.1.6"
  plugin_platform_interface:
    dependency: transitive
    description:
      name: plugin_platform_interface
      sha256: "4820fbfdb9478b1ebae27888254d445073732dae3d6ea81f0b7e06d5dedc3f02"
      url: "https://pub.dev"
    source: hosted
    version: "2.1.8"
  pointycastle:
    dependency: transitive
    description:
      name: pointycastle
      sha256: "92aa3841d083cc4b0f4709b5c74fd6409a3e6ba833ffc7dc6a8fee096366acf5"
      url: "https://pub.dev"
    source: hosted
    version: "4.0.0"
  posix:
    dependency: transitive
    description:
      name: posix
      sha256: "6323a5b0fa688b6a010df4905a56b00181479e6d10534cecfecede2aa55add61"
      url: "https://pub.dev"
    source: hosted
    version: "6.0.3"
  postgrest:
    dependency: transitive
    description:
      name: postgrest
      sha256: "10e3f195e131eec944fa872644aed89b33b5be998f3fc77c87325db3927bc646"
      url: "https://pub.dev"
    source: hosted
    version: "2.8.0"
  protobuf:
    dependency: transitive
    description:
      name: protobuf
      sha256: "75ec242d22e950bdcc79ee38dd520ce4ee0bc491d7fadc4ea47694604d22bf06"
      url: "https://pub.dev"
    source: hosted
    version: "6.0.0"
  realtime_client:
    dependency: transitive
    description:
      name: realtime_client
      sha256: "0cfbe0047e2591eba348938e9b4e620d5b1a8df6c374757e8eb8645252b8387f"
      url: "https://pub.dev"
    source: hosted
    version: "2.11.0"
  responsive_framework:
    dependency: "direct main"
    description:
      name: responsive_framework
      sha256: a8e1c13d4ba980c60cbf6fa1e9907cd60662bf2585184d7c96ca46c43de91552
      url: "https://pub.dev"
    source: hosted
    version: "1.5.1"
  retry:
    dependency: transitive
    description:
      name: retry
      sha256: "822e118d5b3aafed083109c72d5f484c6dc66707885e07c0fbcb8b986bba7efc"
      url: "https://pub.dev"
    source: hosted
    version: "3.1.2"
  rxdart:
    dependency: transitive
    description:
      name: rxdart
      sha256: "5c3004a4a8dbb94bd4bf5412a4def4acdaa12e12f269737a5751369e12d1a962"
      url: "https://pub.dev"
    source: hosted
    version: "0.28.0"
  saf_util:
    dependency: transitive
    description:
      name: saf_util
      sha256: "219f983e5f17b28998335158cdc97add9d52af9884e38b5a43f10dcc070510ec"
      url: "https://pub.dev"
    source: hosted
    version: "0.11.0"
  safe_local_storage:
    dependency: transitive
    description:
      name: safe_local_storage
      sha256: e9a21b6fec7a8aa62cc2585ff4c1b127df42f3185adbd2aca66b47abe2e80236
      url: "https://pub.dev"
    source: hosted
    version: "2.0.1"
  screen_retriever:
    dependency: transitive
    description:
      name: screen_retriever
      sha256: ace919117a7520c13a50a6259e60c4a0d4cbe98809468792a91b5c5adada2aa6
      url: "https://pub.dev"
    source: hosted
    version: "0.2.2"
  screen_retriever_linux:
    dependency: transitive
    description:
      name: screen_retriever_linux
      sha256: "7b52006a5ceae1f3d5af7f77188c3290d6e7d8ded16d99809bea84967c65c257"
      url: "https://pub.dev"
    source: hosted
    version: "0.2.2"
  screen_retriever_macos:
    dependency: transitive
    description:
      name: screen_retriever_macos
      sha256: a1489b99cce597c45a54b9aae1cd94c8d4705353b7e0bb2457a6e4de44e0ad8a
      url: "https://pub.dev"
    source: hosted
    version: "0.2.2"
  screen_retriever_platform_interface:
    dependency: transitive
    description:
      name: screen_retriever_platform_interface
      sha256: "94a5535277510a63184ca178ce12a1449bc0b38618879aa1c18bf57369c5064a"
      url: "https://pub.dev"
    source: hosted
    version: "0.2.2"
  screen_retriever_windows:
    dependency: transitive
    description:
      name: screen_retriever_windows
      sha256: dafc6922b0bfbf1d48cf3ccbf519b4fff47bdcb820da1728ea6db675fecc9324
      url: "https://pub.dev"
    source: hosted
    version: "0.2.2"
  sdp_transform:
    dependency: transitive
    description:
      name: sdp_transform
      sha256: "73e412a5279a5c2de74001535208e20fff88f225c9a4571af0f7146202755e45"
      url: "https://pub.dev"
    source: hosted
    version: "0.3.2"
  sentry:
    dependency: transitive
    description:
      name: sentry
      sha256: a84bf3a83b3ce1c89fce28b9f97659e3826df14a73a256952465aac2c5efdf5a
      url: "https://pub.dev"
    source: hosted
    version: "9.25.0"
  sentry_flutter:
    dependency: "direct main"
    description:
      name: sentry_flutter
      sha256: c85575266d91f57364e9b4cb522835156ec3c5581c78339dc7fae491cd0c6f76
      url: "https://pub.dev"
    source: hosted
    version: "9.25.0"
  shared_preferences:
    dependency: transitive
    description:
      name: shared_preferences
      sha256: "2939ae520c9024cb197fc20dee269cd8cdbf564c8b5746374ec6cacdc5169e64"
      url: "https://pub.dev"
    source: hosted
    version: "2.5.4"
  shared_preferences_android:
    dependency: transitive
    description:
      name: shared_preferences_android
      sha256: "83af5c682796c0f7719c2bbf74792d113e40ae97981b8f266fa84574573556bc"
      url: "https://pub.dev"
    source: hosted
    version: "2.4.18"
  shared_preferences_foundation:
    dependency: transitive
    description:
      name: shared_preferences_foundation
      sha256: "4e7eaffc2b17ba398759f1151415869a34771ba11ebbccd1b0145472a619a64f"
      url: "https://pub.dev"
    source: hosted
    version: "2.5.6"
  shared_preferences_linux:
    dependency: transitive
    description:
      name: shared_preferences_linux
      sha256: "580abfd40f415611503cae30adf626e6656dfb2f0cee8f465ece7b6defb40f2f"
      url: "https://pub.dev"
    source: hosted
    version: "2.4.1"
  shared_preferences_platform_interface:
    dependency: transitive
    description:
      name: shared_preferences_platform_interface
      sha256: "57cbf196c486bc2cf1f02b85784932c6094376284b3ad5779d1b1c6c6a816b80"
      url: "https://pub.dev"
    source: hosted
    version: "2.4.1"
  shared_preferences_web:
    dependency: transitive
    description:
      name: shared_preferences_web
      sha256: c49bd060261c9a3f0ff445892695d6212ff603ef3115edbb448509d407600019
      url: "https://pub.dev"
    source: hosted
    version: "2.4.3"
  shared_preferences_windows:
    dependency: transitive
    description:
      name: shared_preferences_windows
      sha256: "94ef0f72b2d71bc3e700e025db3710911bd51a71cefb65cc609dd0d9a982e3c1"
      url: "https://pub.dev"
    source: hosted
    version: "2.4.1"
  sky_engine:
    dependency: transitive
    description: flutter
    source: sdk
    version: "0.0.0"
  source_span:
    dependency: transitive
    description:
      name: source_span
      sha256: "254ee5351d6cb365c859e20ee823c3bb479bf4a293c22d17a9f1bf144ce86f7c"
      url: "https://pub.dev"
    source: hosted
    version: "1.10.1"
  stack_trace:
    dependency: transitive
    description:
      name: stack_trace
      sha256: "8b27215b45d22309b5cddda1aa2b19bdfec9df0e765f2de506401c071d38d1b1"
      url: "https://pub.dev"
    source: hosted
    version: "1.12.1"
  storage_client:
    dependency: transitive
    description:
      name: storage_client
      sha256: "221263cfbe0c01575b7d7fe7543e44abff380eb4d38d936372844a1caa85ba12"
      url: "https://pub.dev"
    source: hosted
    version: "2.6.0"
  stream_channel:
    dependency: transitive
    description:
      name: stream_channel
      sha256: "969e04c80b8bcdf826f8f16579c7b14d780458bd97f56d107d3950fdbeef059d"
      url: "https://pub.dev"
    source: hosted
    version: "2.1.4"
  string_scanner:
    dependency: transitive
    description:
      name: string_scanner
      sha256: "921cd31725b72fe181906c6a94d987c78e3b98c2e205b397ea399d4054872b43"
      url: "https://pub.dev"
    source: hosted
    version: "1.4.1"
  supabase:
    dependency: transitive
    description:
      name: supabase
      sha256: "3879996256325fcc9abb03b62b12c07e4eaae2e008e1bf043cc1525184159a43"
      url: "https://pub.dev"
    source: hosted
    version: "2.14.0"
  supabase_flutter:
    dependency: "direct main"
    description:
      name: supabase_flutter
      sha256: c9916c1cd512ebf3107ec0f83c9dca13d2e1e789629c2a5df896586bff46ce5f
      url: "https://pub.dev"
    source: hosted
    version: "2.16.0"
  synchronized:
    dependency: transitive
    description:
      name: synchronized
      sha256: c254ade258ec8282947a0acbbc90b9575b4f19673533ee46f2f6e9b3aeefd7c0
      url: "https://pub.dev"
    source: hosted
    version: "3.4.0"
  term_glyph:
    dependency: transitive
    description:
      name: term_glyph
      sha256: "7f554798625ea768a7518313e58f83891c7f5024f88e46e7182a4558850a4b8e"
      url: "https://pub.dev"
    source: hosted
    version: "1.2.2"
  test_api:
    dependency: transitive
    description:
      name: test_api
      sha256: "949a932224383300f01be9221c39180316445ecb8e7547f70a41a35bf421fb9e"
      url: "https://pub.dev"
    source: hosted
    version: "0.7.11"
  typed_data:
    dependency: transitive
    description:
      name: typed_data
      sha256: f9049c039ebfeb4cf7a7104a675823cd72dba8297f264b6637062516699fa006
      url: "https://pub.dev"
    source: hosted
    version: "1.4.0"
  universal_platform:
    dependency: transitive
    description:
      name: universal_platform
      sha256: "64e16458a0ea9b99260ceb5467a214c1f298d647c659af1bff6d3bf82536b1ec"
      url: "https://pub.dev"
    source: hosted
    version: "1.1.0"
  uri_parser:
    dependency: transitive
    description:
      name: uri_parser
      sha256: "051c62e5f693de98ca9f130ee707f8916e2266945565926be3ff20659f7853ce"
      url: "https://pub.dev"
    source: hosted
    version: "3.0.2"
  url_launcher:
    dependency: transitive
    description:
      name: url_launcher
      sha256: f6a7e5c4835bb4e3026a04793a4199ca2d14c739ec378fdfe23fc8075d0439f8
      url: "https://pub.dev"
    source: hosted
    version: "6.3.2"
  url_launcher_android:
    dependency: transitive
    description:
      name: url_launcher_android
      sha256: "767344bf3063897b5cf0db830e94f904528e6dd50a6dfaf839f0abf509009611"
      url: "https://pub.dev"
    source: hosted
    version: "6.3.28"
  url_launcher_ios:
    dependency: transitive
    description:
      name: url_launcher_ios
      sha256: cfde38aa257dae62ffe79c87fab20165dfdf6988c1d31b58ebf59b9106062aad
      url: "https://pub.dev"
    source: hosted
    version: "6.3.6"
  url_launcher_linux:
    dependency: transitive
    description:
      name: url_launcher_linux
      sha256: d5e14138b3bc193a0f63c10a53c94b91d399df0512b1f29b94a043db7482384a
      url: "https://pub.dev"
    source: hosted
    version: "3.2.2"
  url_launcher_macos:
    dependency: transitive
    description:
      name: url_launcher_macos
      sha256: "368adf46f71ad3c21b8f06614adb38346f193f3a59ba8fe9a2fd74133070ba18"
      url: "https://pub.dev"
    source: hosted
    version: "3.2.5"
  url_launcher_platform_interface:
    dependency: transitive
    description:
      name: url_launcher_platform_interface
      sha256: "552f8a1e663569be95a8190206a38187b531910283c3e982193e4f2733f01029"
      url: "https://pub.dev"
    source: hosted
    version: "2.3.2"
  url_launcher_web:
    dependency: transitive
    description:
      name: url_launcher_web
      sha256: "4bd2b7b4dc4d4d0b94e5babfffbca8eac1a126c7f3d6ecbc1a11013faa3abba2"
      url: "https://pub.dev"
    source: hosted
    version: "2.4.1"
  url_launcher_windows:
    dependency: transitive
    description:
      name: url_launcher_windows
      sha256: "712c70ab1b99744ff066053cbe3e80c73332b38d46e5e945c98689b2e66fc15f"
      url: "https://pub.dev"
    source: hosted
    version: "3.1.5"
  uuid:
    dependency: "direct main"
    description:
      name: uuid
      sha256: "9b129329f58692f6e6578329498a8fe9fbe98f090beb764ffbb8ee2eadd01dcd"
      url: "https://pub.dev"
    source: hosted
    version: "4.6.0"
  vector_math:
    dependency: transitive
    description:
      name: vector_math
      sha256: d530bd74fea330e6e364cda7a85019c434070188383e1cd8d9777ee586914c5b
      url: "https://pub.dev"
    source: hosted
    version: "2.2.0"
  vm_service:
    dependency: transitive
    description:
      name: vm_service
      sha256: "45caa6c5917fa127b5dbcfbd1fa60b14e583afdc08bfc96dda38886ca252eb60"
      url: "https://pub.dev"
    source: hosted
    version: "15.0.2"
  wakelock_plus:
    dependency: transitive
    description:
      name: wakelock_plus
      sha256: "9296d40c9adbedaba95d1e704f4e0b434be446e2792948d0e4aa977048104228"
      url: "https://pub.dev"
    source: hosted
    version: "1.4.0"
  wakelock_plus_platform_interface:
    dependency: transitive
    description:
      name: wakelock_plus_platform_interface
      sha256: "036deb14cd62f558ca3b73006d52ce049fabcdcb2eddfe0bf0fe4e8a943b5cf2"
      url: "https://pub.dev"
    source: hosted
    version: "1.3.0"
  web:
    dependency: transitive
    description:
      name: web
      sha256: "868d88a33d8a87b18ffc05f9f030ba328ffefba92d6c127917a2ba740f9cfe4a"
      url: "https://pub.dev"
    source: hosted
    version: "1.1.1"
  web_socket:
    dependency: transitive
    description:
      name: web_socket
      sha256: "34d64019aa8e36bf9842ac014bb5d2f5586ca73df5e4d9bf5c936975cae6982c"
      url: "https://pub.dev"
    source: hosted
    version: "1.0.1"
  web_socket_channel:
    dependency: transitive
    description:
      name: web_socket_channel
      sha256: d645757fb0f4773d602444000a8131ff5d48c9e47adfe9772652dd1a4f2d45c8
      url: "https://pub.dev"
    source: hosted
    version: "3.0.3"
  webrtc_interface:
    dependency: transitive
    description:
      name: webrtc_interface
      sha256: c6f100eac5057d9a817a60473126f9828c796d42884d498af4f339c97b21014f
      url: "https://pub.dev"
    source: hosted
    version: "1.5.1"
  win32:
    dependency: transitive
    description:
      name: win32
      sha256: d7cb55e04cd34096cd3a79b3330245f54cb96a370a1c27adb3c84b917de8b08e
      url: "https://pub.dev"
    source: hosted
    version: "5.15.0"
  win32_registry:
    dependency: transitive
    description:
      name: win32_registry
      sha256: "6f1b564492d0147b330dd794fee8f512cec4977957f310f9951b5f9d83618dae"
      url: "https://pub.dev"
    source: hosted
    version: "2.1.0"
  window_manager:
    dependency: "direct main"
    description:
      name: window_manager
      sha256: "05c231fd7b23d2380f14c5cc10b7b93d60d4fa4a2fb4e0f032de27e44b5560e9"
      url: "https://pub.dev"
    source: hosted
    version: "0.5.2"
  xdg_directories:
    dependency: transitive
    description:
      name: xdg_directories
      sha256: "7a3f37b05d989967cdddcbb571f1ea834867ae2faa29725fd085180e0883aa15"
      url: "https://pub.dev"
    source: hosted
    version: "1.1.0"
  xml:
    dependency: transitive
    description:
      name: xml
      sha256: "67f0aff7be013d107995e9b75bf4e7f2c3ef2dfdb2c8e68024bba0a7fd5756a4"
      url: "https://pub.dev"
    source: hosted
    version: "7.0.1"
  yaml:
    dependency: transitive
    description:
      name: yaml
      sha256: b9da305ac7c39faa3f030eccd175340f968459dae4af175130b3fc47e40d76ce
      url: "https://pub.dev"
    source: hosted
    version: "3.1.3"
  yet_another_json_isolate:
    dependency: transitive
    description:
      name: yet_another_json_isolate
      sha256: eaa26beb5990b25a49d942374fd5a0c5aa67a837e03b14b4c26134aaa1ed01a9
      url: "https://pub.dev"
    source: hosted
    version: "2.1.1"
  youtube_player_flutter:
    dependency: "direct main"
    description:
      name: youtube_player_flutter
      sha256: e64eeebaa5f7dc1d55d103cc9abf05f87d8013bae0d3b6a11aad5d33a2f7f5b4
      url: "https://pub.dev"
    source: hosted
    version: "9.1.3"
sdks:
  dart: "3.12.2"
  flutter: ">=3.44.0"
